// !$*UTF8*$!
{
	archiveVersion = 1;
	classes = {
	};
	objectVersion = 77;
	objects = {

/* Begin PBXBuildFile section */
		0B103BDE8D8E3FFE4C225F10 /* ContentView.swift in Sources */ = {isa = PBXBuildFile; fileRef = 9BAA5BA09A3CA83FBA08D71D /* ContentView.swift */; };
		54AA2C6DA0781F5B34F48CB4 /* App.swift in Sources */ = {isa = PBXBuildFile; fileRef = E34917291C211D1DBFA6C228 /* App.swift */; };
		7623B771E3A5C02434A294DF /* XMPPManager.swift in Sources */ = {isa = PBXBuildFile; fileRef = 4B0A8A2D24B893CECF2DC112 /* XMPPManager.swift */; };
		DFBBDF8393C783AD1812E66A /* XMPPChatCore in Frameworks */ = {isa = PBXBuildFile; productRef = 5405D3B9882CC90EC783DABC /* XMPPChatCore */; };
/* End PBXBuildFile section */

/* Begin PBXFileReference section */
		4B0A8A2D24B893CECF2DC112 /* XMPPManager.swift */ = {isa = PBXFileReference; lastKnownFileType = sourcecode.swift; path = XMPPManager.swift; sourceTree = "<group>"; };
		7B1582166EB490FBD363ADF4 /* XMPPChatCoreMockiOSApp.app */ = {isa = PBXFileReference; includeInIndex = 0; lastKnownFileType = wrapper.application; path = XMPPChatCoreMockiOSApp.app; sourceTree = BUILT_PRODUCTS_DIR; };
		9BAA5BA09A3CA83FBA08D71D /* ContentView.swift */ = {isa = PBXFileReference; lastKnownFileType = sourcecode.swift; path = ContentView.swift; sourceTree = "<group>"; };
		C1FAFBC786F8C0C17E8862B1 /* ethora-sdk-swift */ = {isa = PBXFileReference; lastKnownFileType = folder; name = "ethora-sdk-swift"; path = ../..; sourceTree = SOURCE_ROOT; };
		E34917291C211D1DBFA6C228 /* App.swift */ = {isa = PBXFileReference; lastKnownFileType = sourcecode.swift; path = App.swift; sourceTree = "<group>"; };
/* End PBXFileReference section */

/* Begin PBXFrameworksBuildPhase section */
		B5FA94988FCB0E0926FA65E7 /* Frameworks */ = {
			isa = PBXFrameworksBuildPhase;
			buildActionMask = 2147483647;
			files = (
				DFBBDF8393C783AD1812E66A /* XMPPChatCore in Frameworks */,
			);
			runOnlyForDeploymentPostprocessing = 0;
		};
/* End PBXFrameworksBuildPhase section */

/* Begin PBXGroup section */
		13DB1887161C734FBDE614A7 /* Packages */ = {
			isa = PBXGroup;
			children = (
				C1FAFBC786F8C0C17E8862B1 /* ethora-sdk-swift */,
			);
			name = Packages;
			sourceTree = "<group>";
		};
		80700C10F687365A0D5B6114 /* Products */ = {
			isa = PBXGroup;
			children = (
				7B1582166EB490FBD363ADF4 /* XMPPChatCoreMockiOSApp.app */,
			);
			name = Products;
			sourceTree = "<group>";
		};
		A808C038F458123AC4288DC1 /* XMPPChatCoreMockiOSApp */ = {
			isa = PBXGroup;
			children = (
				E34917291C211D1DBFA6C228 /* App.swift */,
				9BAA5BA09A3CA83FBA08D71D /* ContentView.swift */,
				4B0A8A2D24B893CECF2DC112 /* XMPPManager.swift */,
			);
			path = XMPPChatCoreMockiOSApp;
			sourceTree = "<group>";
		};
		AC09B40D9E9545EC5A330CB6 = {
			isa = PBXGroup;
			children = (
				13DB1887161C734FBDE614A7 /* Packages */,
				A808C038F458123AC4288DC1 /* XMPPChatCoreMockiOSApp */,
				80700C10F687365A0D5B6114 /* Products */,
			);
			sourceTree = "<group>";
		};
/* End PBXGroup section */

/* Begin PBXNativeTarget section */
		2672E38588120DC4A07373D6 /* XMPPChatCoreMockiOSApp */ = {
			isa = PBXNativeTarget;
			buildConfigurationList = E611697D0157255BACAA8726 /* Build configuration list for PBXNativeTarget "XMPPChatCoreMockiOSApp" */;
			buildPhases = (
				0971F43B59A27B3129575645 /* Sources */,
				B5FA94988FCB0E0926FA65E7 /* Frameworks */,
			);
			buildRules = (
			);
			dependencies = (
			);
			name = XMPPChatCoreMockiOSApp;
			packageProductDependencies = (
				5405D3B9882CC90EC783DABC /* XMPPChatCore */,
			);
			productName = XMPPChatCoreMockiOSApp;
			productReference = 7B1582166EB490FBD363ADF4 /* XMPPChatCoreMockiOSApp.app */;
			productType = "com.apple.product-type.application";
		};
/* End PBXNativeTarget section */

/* Begin PBXProject section */
		26189D2C7FA064B620D4AC52 /* Project object */ = {
			isa = PBXProject;
			attributes = {
				BuildIndependentTargetsInParallel = YES;
				LastUpgradeCheck = 1430;
			};
			buildConfigurationList = 22D8B5DE57710E0D476546E6 /* Build configuration list for PBXProject "XMPPChatCoreMockiOSApp" */;
			compatibilityVersion = "Xcode 14.0";
			developmentRegion = en;
			hasScannedForEncodings = 0;
			knownRegions = (
				Base,
				en,
			);
			mainGroup = AC09B40D9E9545EC5A330CB6;
			minimizedProjectReferenceProxies = 1;
			packageReferences = (
				681F805A1E0489AD7C75DA52 /* XCLocalSwiftPackageReference "../.." */,
			);
			preferredProjectObjectVersion = 77;
			projectDirPath = "";
			projectRoot = "";
			targets = (
				2672E38588120DC4A07373D6 /* XMPPChatCoreMockiOSApp */,
			);
		};
/* End PBXProject section */

/* Begin PBXSourcesBuildPhase section */
		0971F43B59A27B3129575645 /* Sources */ = {
			isa = PBXSourcesBuildPhase;
			buildActionMask = 2147483647;
			files = (
				54AA2C6DA0781F5B34F48CB4 /* App.swift in Sources */,
				0B103BDE8D8E3FFE4C225F10 /* ContentView.swift in Sources */,
				7623B771E3A5C02434A294DF /* XMPPManager.swift in Sources */,
			);
			runOnlyForDeploymentPostprocessing = 0;
		};
/* End PBXSourcesBuildPhase section */

/* Begin XCBuildConfiguration section */
		BEC720A4284AA046D87A7112 /* Release */ = {
			isa = XCBuildConfiguration;
			buildSettings = {
				ASSETCATALOG_COMPILER_APPICON_NAME = AppIcon;
				CODE_SIGN_IDENTITY = "iPhone Developer";
				GENERATE_INFOPLIST_FILE = YES;
				INFOPLIST_KEY_UIApplicationSceneManifest_Generation = YES;
				INFOPLIST_KEY_UIApplicationSupportsIndirectInputEvents = YES;
				INFOPLIST_KEY_UILaunchScreen_Generation = YES;
				INFOPLIST_KEY_UISupportedInterfaceOrientations_iPhone = UIInterfaceOrientationPortrait;
				LD_RUNPATH_SEARCH_PATHS = (
					"$(inherited)",
					"@executable_path/Frameworks",
				);
				PRODUCT_BUNDLE_IDENTIFIER = com.ethora.XMPPChatCoreMockiOSApp;
				SDKROOT = iphoneos;
				SWIFT_VERSION = 5.9;
				TARGETED_DEVICE_FAMILY = "1,2";
			};
			name = Release;
		};
		DC8F81E5C11DE504AF1D4CE4 /* Debug */ = {
			isa = XCBuildConfiguration;
			buildSettings = {
				ALWAYS_SEARCH_USER_PATHS = NO;
				CLANG_ANALYZER_NONNULL = YES;
				CLANG_ANALYZER_NUMBER_OBJECT_CONVERSION = YES_AGGRESSIVE;
				CLANG_CXX_LANGUAGE_STANDARD = "gnu++14";
				CLANG_CXX_LIBRARY = "libc++";
				CLANG_ENABLE_MODULES = YES;
				CLANG_ENABLE_OBJC_ARC = YES;
				CLANG_ENABLE_OBJC_WEAK = YES;
				CLANG_WARN_BLOCK_CAPTURE_AUTORELEASING = YES;
				CLANG_WARN_BOOL_CONVERSION = YES;
				CLANG_WARN_COMMA = YES;
				CLANG_WARN_CONSTANT_CONVERSION = YES;
				CLANG_WARN_DEPRECATED_OBJC_IMPLEMENTATIONS = YES;
				CLANG_WARN_DIRECT_OBJC_ISA_USAGE = YES_ERROR;
				CLANG_WARN_DOCUMENTATION_COMMENTS = YES;
				CLANG_WARN_EMPTY_BODY = YES;
				CLANG_WARN_ENUM_CONVERSION = YES;
				CLANG_WARN_INFINITE_RECURSION = YES;
				CLANG_WARN_INT_CONVERSION = YES;
				CLANG_WARN_NON_LITERAL_NULL_CONVERSION = YES;
				CLANG_WARN_OBJC_IMPLICIT_RETAIN_SELF = YES;
				CLANG_WARN_OBJC_LITERAL_CONVERSION = YES;
				CLANG_WARN_OBJC_ROOT_CLASS = YES_ERROR;
				CLANG_WARN_QUOTED_INCLUDE_IN_FRAMEWORK_HEADER = YES;
				CLANG_WARN_RANGE_LOOP_ANALYSIS = YES;
				CLANG_WARN_STRICT_PROTOTYPES = YES;
				CLANG_WARN_SUSPICIOUS_MOVE = YES;
				CLANG_WARN_UNGUARDED_AVAILABILITY = YES_AGGRESSIVE;
				CLANG_WARN_UNREACHABLE_CODE = YES;
				CLANG_WARN__DUPLICATE_METHOD_MATCH = YES;
				COPY_PHASE_STRIP = NO;
				DEBUG_INFORMATION_FORMAT = dwarf;
				ENABLE_STRICT_OBJC_MSGSEND = YES;
				ENABLE_TESTABILITY = YES;
				GCC_C_LANGUAGE_STANDARD = gnu11;
				GCC_DYNAMIC_NO_PIC = NO;
				GCC_NO_COMMON_BLOCKS = YES;
				GCC_OPTIMIZATION_LEVEL = 0;
				GCC_PREPROCESSOR_DEFINITIONS = (
					"$(inherited)",
					"DEBUG=1",
				);
				GCC_WARN_64_TO_32_BIT_CONVERSION = YES;
				GCC_WARN_ABOUT_RETURN_TYPE = YES_ERROR;
				GCC_WARN_UNDECLARED_SELECTOR = YES;
				GCC_WARN_UNINITIALIZED_AUTOS = YES_AGGRESSIVE;
				GCC_WARN_UNUSED_FUNCTION = YES;
				GCC_WARN_UNUSED_VARIABLE = YES;
				IPHONEOS_DEPLOYMENT_TARGET = 15.0;
				MTL_ENABLE_DEBUG_INFO = INCLUDE_SOURCE;
				MTL_FAST_MATH = YES;
				ONLY_ACTIVE_ARCH = YES;
				PRODUCT_NAME = "$(TARGET_NAME)";
				SDKROOT = iphoneos;
				SWIFT_ACTIVE_COMPILATION_CONDITIONS = DEBUG;
				SWIFT_OPTIMIZATION_LEVEL = "-Onone";
				SWIFT_VERSION = 5.0;
			};
			name = Debug;
		};
		E301C935B81C196E78402C87 /* Release */ = {
			isa = XCBuildConfiguration;
			buildSettings = {
				ALWAYS_SEARCH_USER_PATHS = NO;
				CLANG_ANALYZER_NONNULL = YES;
				CLANG_ANALYZER_NUMBER_OBJECT_CONVERSION = YES_AGGRESSIVE;
				CLANG_CXX_LANGUAGE_STANDARD = "gnu++14";
				CLANG_CXX_LIBRARY = "libc++";
				CLANG_ENABLE_MODULES = YES;
				CLANG_ENABLE_OBJC_ARC = YES;
				CLANG_ENABLE_OBJC_WEAK = YES;
				CLANG_WARN_BLOCK_CAPTURE_AUTORELEASING = YES;
				CLANG_WARN_BOOL_CONVERSION = YES;
				CLANG_WARN_COMMA = YES;
				CLANG_WARN_CONSTANT_CONVERSION = YES;
				CLANG_WARN_DEPRECATED_OBJC_IMPLEMENTATIONS = YES;
				CLANG_WARN_DIRECT_OBJC_ISA_USAGE = YES_ERROR;
				CLANG_WARN_DOCUMENTATION_COMMENTS = YES;
				CLANG_WARN_EMPTY_BODY = YES;
				CLANG_WARN_ENUM_CONVERSION = YES;
				CLANG_WARN_INFINITE_RECURSION = YES;
				CLANG_WARN_INT_CONVERSION = YES;
				CLANG_WARN_NON_LITERAL_NULL_CONVERSION = YES;
				CLANG_WARN_OBJC_IMPLICIT_RETAIN_SELF = YES;
				CLANG_WARN_OBJC_LITERAL_CONVERSION = YES;
				CLANG_WARN_OBJC_ROOT_CLASS = YES_ERROR;
				CLANG_WARN_QUOTED_INCLUDE_IN_FRAMEWORK_HEADER = YES;
				CLANG_WARN_RANGE_LOOP_ANALYSIS = YES;
				CLANG_WARN_STRICT_PROTOTYPES = YES;
				CLANG_WARN_SUSPICIOUS_MOVE = YES;
				CLANG_WARN_UNGUARDED_AVAILABILITY = YES_AGGRESSIVE;
				CLANG_WARN_UNREACHABLE_CODE = YES;
				CLANG_WARN__DUPLICATE_METHOD_MATCH = YES;
				COPY_PHASE_STRIP = NO;
				DEBUG_INFORMATION_FORMAT = "dwarf-with-dsym";
				ENABLE_NS_ASSERTIONS = NO;
				ENABLE_STRICT_OBJC_MSGSEND = YES;
				GCC_C_LANGUAGE_STANDARD = gnu11;
				GCC_NO_COMMON_BLOCKS = YES;
				GCC_WARN_64_TO_32_BIT_CONVERSION = YES;
				GCC_WARN_ABOUT_RETURN_TYPE = YES_ERROR;
				GCC_WARN_UNDECLARED_SELECTOR = YES;
				GCC_WARN_UNINITIALIZED_AUTOS = YES_AGGRESSIVE;
				GCC_WARN_UNUSED_FUNCTION = YES;
				GCC_WARN_UNUSED_VARIABLE = YES;
				IPHONEOS_DEPLOYMENT_TARGET = 15.0;
				MTL_ENABLE_DEBUG_INFO = NO;
				MTL_FAST_MATH = YES;
				PRODUCT_NAME = "$(TARGET_NAME)";
				SDKROOT = iphoneos;
				SWIFT_COMPILATION_MODE = wholemodule;
				SWIFT_OPTIMIZATION_LEVEL = "-O";
				SWIFT_VERSION = 5.0;
			};
			name = Release;
		};
		FD4F18AC6D623AEB3EBDFF3E /* Debug */ = {
			isa = XCBuildConfiguration;
			buildSettings = {
				ASSETCATALOG_COMPILER_APPICON_NAME = AppIcon;
				CODE_SIGN_IDENTITY = "iPhone Developer";
				GENERATE_INFOPLIST_FILE = YES;
				INFOPLIST_KEY_UIApplicationSceneManifest_Generation = YES;
				INFOPLIST_KEY_UIApplicationSupportsIndirectInputEvents = YES;
				INFOPLIST_KEY_UILaunchScreen_Generation = YES;
				INFOPLIST_KEY_UISupportedInterfaceOrientations_iPhone = UIInterfaceOrientationPortrait;
				LD_RUNPATH_SEARCH_PATHS = (
					"$(inherited)",
					"@executable_path/Frameworks",
				);
				PRODUCT_BUNDLE_IDENTIFIER = com.ethora.XMPPChatCoreMockiOSApp;
				SDKROOT = iphoneos;
				SWIFT_VERSION = 5.9;
				TARGETED_DEVICE_FAMILY = "1,2";
			};
			name = Debug;
		};
/* End XCBuildConfiguration section */

/* Begin XCConfigurationList section */
		22D8B5DE57710E0D476546E6 /* Build configuration list for PBXProject "XMPPChatCoreMockiOSApp" */ = {
			isa = XCConfigurationList;
			buildConfigurations = (
				DC8F81E5C11DE504AF1D4CE4 /* Debug */,
				E301C935B81C196E78402C87 /* Release */,
			);
			defaultConfigurationIsVisible = 0;
			defaultConfigurationName = Debug;
		};
		E611697D0157255BACAA8726 /* Build configuration list for PBXNativeTarget "XMPPChatCoreMockiOSApp" */ = {
			isa = XCConfigurationList;
			buildConfigurations = (
				FD4F18AC6D623AEB3EBDFF3E /* Debug */,
				BEC720A4284AA046D87A7112 /* Release */,
			);
			defaultConfigurationIsVisible = 0;
			defaultConfigurationName = Debug;
		};
/* End XCConfigurationList section */

/* Begin XCLocalSwiftPackageReference section */
		681F805A1E0489AD7C75DA52 /* XCLocalSwiftPackageReference "../.." */ = {
			isa = XCLocalSwiftPackageReference;
			relativePath = ../..;
		};
/* End XCLocalSwiftPackageReference section */

/* Begin XCSwiftPackageProductDependency section */
		5405D3B9882CC90EC783DABC /* XMPPChatCore */ = {
			isa = XCSwiftPackageProductDependency;
			productName = XMPPChatCore;
		};
/* End XCSwiftPackageProductDependency section */
	};
	rootObject = 26189D2C7FA064B620D4AC52 /* Project object */;
}
